Microsoft Visual Studio Solution File, Format Version 10.00
# Visual Studio 2008
Project("{8BC9CEB8-8B4A-11D0-8D11-00A0C91BC942}") = "libcdlyte", "libcdlyte\libcdlyte.vcproj", "{76FC34EE-EEB8-41FA-B7EE-F9BC5397BAD3}"
EndProject
Project("{8BC9CEB8-8B4A-11D0-8D11-00A0C91BC942}") = "libcdlytedll", "libcdlytedll\libcdlytedll.vcproj", "{95870C37-A4D9-4DE6-B6DE-238F2DF8B585}"
EndProject
Global
	GlobalSection(SolutionConfigurationPlatforms) = preSolution
		Debug|Win32 = Debug|Win32
		Release|Win32 = Release|Win32
	EndGlobalSection
	GlobalSection(ProjectConfigurationPlatforms) = postSolution
		{76FC34EE-EEB8-41FA-B7EE-F9BC5397BAD3}.Debug|Win32.ActiveCfg = Debug|Win32
		{76FC34EE-EEB8-41FA-B7EE-F9BC5397BAD3}.Release|Win32.ActiveCfg = Release|Win32
		{95870C37-A4D9-4DE6-B6DE-238F2DF8B585}.Debug|Win32.ActiveCfg = Debug|Win32
		{95870C37-A4D9-4DE6-B6DE-238F2DF8B585}.Debug|Win32.Build.0 = Debug|Win32
		{95870C37-A4D9-4DE6-B6DE-238F2DF8B585}.Release|Win32.ActiveCfg = Release|Win32
		{95870C37-A4D9-4DE6-B6DE-238F2DF8B585}.Release|Win32.Build.0 = Release|Win32
	EndGlobalSection
	GlobalSection(SolutionProperties) = preSolution
		HideSolutionNode = FALSE
	EndGlobalSection
EndGlobal
